<Solution>
  <Folder Name="/src/">
    <Project Path="src/MinimalApiCrankDemo.Api/MinimalApiCrankDemo.Api.csproj" />
    <Project Path="src/MinimalApiCrankDemo.Application/MinimalApiCrankDemo.Application.csproj" />
    <Project Path="src/MinimalApiCrankDemo.Database/MinimalApiCrankDemo.Database.csproj" />
    <Project Path="src/MinimalApiCrankDemo.Infrastructure/MinimalApiCrankDemo.Infrastructure.csproj" />
    <File Path="src/MinimalApiCrankDemo.Api/appsettings.json" />
    <File Path="src/MinimalApiCrankDemo.Api/appsettings.Development.json" />
    <File Path="src/MinimalApiCrankDemo.Api/appsettings.Staging.json" />
    <File Path="src/MinimalApiCrankDemo.Api/appsettings.Production.json" />
  </Folder>
  <Folder Name="/tests/">
    <Project Path="tests/MinimalApiCrankDemo.Api.IntegrationTests/MinimalApiCrankDemo.Api.IntegrationTests.csproj" />
    <Project Path="tests/MinimalApiCrankDemo.Api.UnitTests/MinimalApiCrankDemo.Api.UnitTests.csproj" />
    <File Path="tests/MinimalApiCrankDemo.Api.IntegrationTests/appsettings.IntegrationTests.json" />
  </Folder>
  <Folder Name="/http-files/">
    <File Path="http-files/demo.http" />
    <File Path="http-files/health.http" />
  </Folder>
  <Folder Name="/infrastructure/">
    <File Path="docker-compose.yml" />
    <File Path="docker-compose.integration-tests.yml" />
    <File Path="crank/crank.yml" />
  </Folder>
</Solution>
